
Microsoft Visual Studio Solution File, Format Version 12.00
# Visual Studio 2012
Project("{FAE04EC0-301F-11D3-BF4B-00C04F79EFBC}") = "QuickBrake", "QuickBrake\QuickBrake.csproj", "{7DDF2096-48AE-4E47-B690-D3EE29AFC86B}"
EndProject
Project("{FAE04EC0-301F-11D3-BF4B-00C04F79EFBC}") = "QuickContracts", "QuickContracts\QuickContracts.csproj", "{C939085F-8CBB-4286-A270-F82C7E33507C}"
EndProject
Project("{FAE04EC0-301F-11D3-BF4B-00C04F79EFBC}") = "QuickCursorHider", "QuickCursorHider\QuickCursorHider.csproj", "{8DF01A99-22AE-46DA-BB0B-BC6D6C17E651}"
EndProject
Project("{FAE04EC0-301F-11D3-BF4B-00C04F79EFBC}") = "QuickExit", "QuickExit\QuickExit.csproj", "{53F47534-1537-4369-94EF-79311FA08A9F}"
EndProject
Project("{FAE04EC0-301F-11D3-BF4B-00C04F79EFBC}") = "QuickFineControl", "QuickFineControl\QuickFineControl.csproj", "{F73EFB9A-5CBA-456F-93E9-B20C099FC3B1}"
EndProject
Project("{FAE04EC0-301F-11D3-BF4B-00C04F79EFBC}") = "QuickGoTo", "QuickGoTo\QuickGoTo.csproj", "{0FDC1965-81EB-42C5-9123-BDFFF6D54D53}"
EndProject
Project("{FAE04EC0-301F-11D3-BF4B-00C04F79EFBC}") = "QuickHide", "QuickHide\QuickHide.csproj", "{8ECE3013-6315-45CC-8049-FA460B008E77}"
EndProject
Project("{FAE04EC0-301F-11D3-BF4B-00C04F79EFBC}") = "QuickIVA", "QuickIVA\QuickIVA.csproj", "{EFD77602-B0CA-4F9D-9856-051C9C8A9A85}"
EndProject
Project("{FAE04EC0-301F-11D3-BF4B-00C04F79EFBC}") = "QuickMute", "QuickMute\QuickMute.csproj", "{44ADA825-2207-4A6B-9410-8B857A847C13}"
EndProject
Project("{FAE04EC0-301F-11D3-BF4B-00C04F79EFBC}") = "QuickRevert", "QuickRevert\QuickRevert.csproj", "{CF983F74-7B18-4EA3-8AA1-6F96FE19AA5D}"
EndProject
Project("{FAE04EC0-301F-11D3-BF4B-00C04F79EFBC}") = "QuickSAS", "QuickSAS\QuickSAS.csproj", "{7C295D18-5EEE-47F6-9353-86BE7CBFC673}"
EndProject
Project("{FAE04EC0-301F-11D3-BF4B-00C04F79EFBC}") = "QuickSearch", "QuickSearch\QuickSearch.csproj", "{883EA339-278B-4DDD-8CED-58BD9FA812D1}"
EndProject
Project("{FAE04EC0-301F-11D3-BF4B-00C04F79EFBC}") = "QuickStart", "QuickStart\QuickStart.csproj", "{7F8DA55F-B033-42A7-A719-C825C354CD83}"
EndProject
Project("{2150E333-8FDC-42A3-9474-1A3956D46DE8}") = "Solution Items", "Solution Items", "{893ABB07-0869-4B03-B716-EEF6011616C3}"
	ProjectSection(SolutionItems) = preProject
		install.sh = install.sh
		clean.sh = clean.sh
		COPYING = COPYING
		README.md = README.md
	EndProjectSection
EndProject
Project("{9344BDBB-3E7F-41FC-A0DD-8665D75EE146}") = "GameData", "GameData.mdproj", "{732E642A-6428-4A48-BCE8-A65E3BA8181C}"
EndProject
Project("{FAE04EC0-301F-11D3-BF4B-00C04F79EFBC}") = "QuickScroll", "QuickScroll\QuickScroll.csproj", "{9BFAEF28-2599-4BD6-8B03-C32300F49EA2}"
EndProject
Project("{FAE04EC0-301F-11D3-BF4B-00C04F79EFBC}") = "QuickEngineer", "QuickEngineer\QuickEngineer.csproj", "{9B134623-9C4D-4020-9910-69FF2F4170D6}"
EndProject
Global
	GlobalSection(SolutionConfigurationPlatforms) = preSolution
		Debug|Any CPU = Debug|Any CPU
		Release|Any CPU = Release|Any CPU
		Default|Any CPU = Default|Any CPU
	EndGlobalSection
	GlobalSection(ProjectConfigurationPlatforms) = postSolution
		{7DDF2096-48AE-4E47-B690-D3EE29AFC86B}.Debug|Any CPU.ActiveCfg = Debug|Any CPU
		{7DDF2096-48AE-4E47-B690-D3EE29AFC86B}.Debug|Any CPU.Build.0 = Debug|Any CPU
		{7DDF2096-48AE-4E47-B690-D3EE29AFC86B}.Release|Any CPU.ActiveCfg = Release|Any CPU
		{7DDF2096-48AE-4E47-B690-D3EE29AFC86B}.Release|Any CPU.Build.0 = Release|Any CPU
		{7DDF2096-48AE-4E47-B690-D3EE29AFC86B}.Default|Any CPU.ActiveCfg = Debug|Any CPU
		{7DDF2096-48AE-4E47-B690-D3EE29AFC86B}.Default|Any CPU.Build.0 = Debug|Any CPU
		{C939085F-8CBB-4286-A270-F82C7E33507C}.Debug|Any CPU.ActiveCfg = Debug|Any CPU
		{C939085F-8CBB-4286-A270-F82C7E33507C}.Debug|Any CPU.Build.0 = Debug|Any CPU
		{C939085F-8CBB-4286-A270-F82C7E33507C}.Release|Any CPU.ActiveCfg = Release|Any CPU
		{C939085F-8CBB-4286-A270-F82C7E33507C}.Release|Any CPU.Build.0 = Release|Any CPU
		{C939085F-8CBB-4286-A270-F82C7E33507C}.Default|Any CPU.ActiveCfg = Debug|Any CPU
		{C939085F-8CBB-4286-A270-F82C7E33507C}.Default|Any CPU.Build.0 = Debug|Any CPU
		{8DF01A99-22AE-46DA-BB0B-BC6D6C17E651}.Debug|Any CPU.ActiveCfg = Debug|Any CPU
		{8DF01A99-22AE-46DA-BB0B-BC6D6C17E651}.Debug|Any CPU.Build.0 = Debug|Any CPU
		{8DF01A99-22AE-46DA-BB0B-BC6D6C17E651}.Release|Any CPU.ActiveCfg = Release|Any CPU
		{8DF01A99-22AE-46DA-BB0B-BC6D6C17E651}.Release|Any CPU.Build.0 = Release|Any CPU
		{8DF01A99-22AE-46DA-BB0B-BC6D6C17E651}.Default|Any CPU.ActiveCfg = Debug|Any CPU
		{8DF01A99-22AE-46DA-BB0B-BC6D6C17E651}.Default|Any CPU.Build.0 = Debug|Any CPU
		{53F47534-1537-4369-94EF-79311FA08A9F}.Debug|Any CPU.ActiveCfg = Debug|Any CPU
		{53F47534-1537-4369-94EF-79311FA08A9F}.Debug|Any CPU.Build.0 = Debug|Any CPU
		{53F47534-1537-4369-94EF-79311FA08A9F}.Release|Any CPU.ActiveCfg = Release|Any CPU
		{53F47534-1537-4369-94EF-79311FA08A9F}.Release|Any CPU.Build.0 = Release|Any CPU
		{53F47534-1537-4369-94EF-79311FA08A9F}.Default|Any CPU.ActiveCfg = Debug|Any CPU
		{53F47534-1537-4369-94EF-79311FA08A9F}.Default|Any CPU.Build.0 = Debug|Any CPU
		{F73EFB9A-5CBA-456F-93E9-B20C099FC3B1}.Debug|Any CPU.ActiveCfg = Debug|Any CPU
		{F73EFB9A-5CBA-456F-93E9-B20C099FC3B1}.Debug|Any CPU.Build.0 = Debug|Any CPU
		{F73EFB9A-5CBA-456F-93E9-B20C099FC3B1}.Release|Any CPU.ActiveCfg = Release|Any CPU
		{F73EFB9A-5CBA-456F-93E9-B20C099FC3B1}.Release|Any CPU.Build.0 = Release|Any CPU
		{F73EFB9A-5CBA-456F-93E9-B20C099FC3B1}.Default|Any CPU.ActiveCfg = Debug|Any CPU
		{F73EFB9A-5CBA-456F-93E9-B20C099FC3B1}.Default|Any CPU.Build.0 = Debug|Any CPU
		{0FDC1965-81EB-42C5-9123-BDFFF6D54D53}.Debug|Any CPU.ActiveCfg = Debug|Any CPU
		{0FDC1965-81EB-42C5-9123-BDFFF6D54D53}.Debug|Any CPU.Build.0 = Debug|Any CPU
		{0FDC1965-81EB-42C5-9123-BDFFF6D54D53}.Release|Any CPU.ActiveCfg = Release|Any CPU
		{0FDC1965-81EB-42C5-9123-BDFFF6D54D53}.Release|Any CPU.Build.0 = Release|Any CPU
		{0FDC1965-81EB-42C5-9123-BDFFF6D54D53}.Default|Any CPU.ActiveCfg = Debug|Any CPU
		{0FDC1965-81EB-42C5-9123-BDFFF6D54D53}.Default|Any CPU.Build.0 = Debug|Any CPU
		{8ECE3013-6315-45CC-8049-FA460B008E77}.Debug|Any CPU.ActiveCfg = Debug|Any CPU
		{8ECE3013-6315-45CC-8049-FA460B008E77}.Debug|Any CPU.Build.0 = Debug|Any CPU
		{8ECE3013-6315-45CC-8049-FA460B008E77}.Release|Any CPU.ActiveCfg = Release|Any CPU
		{8ECE3013-6315-45CC-8049-FA460B008E77}.Release|Any CPU.Build.0 = Release|Any CPU
		{8ECE3013-6315-45CC-8049-FA460B008E77}.Default|Any CPU.ActiveCfg = Debug|Any CPU
		{8ECE3013-6315-45CC-8049-FA460B008E77}.Default|Any CPU.Build.0 = Debug|Any CPU
		{EFD77602-B0CA-4F9D-9856-051C9C8A9A85}.Debug|Any CPU.ActiveCfg = Debug|Any CPU
		{EFD77602-B0CA-4F9D-9856-051C9C8A9A85}.Debug|Any CPU.Build.0 = Debug|Any CPU
		{EFD77602-B0CA-4F9D-9856-051C9C8A9A85}.Release|Any CPU.ActiveCfg = Release|Any CPU
		{EFD77602-B0CA-4F9D-9856-051C9C8A9A85}.Release|Any CPU.Build.0 = Release|Any CPU
		{EFD77602-B0CA-4F9D-9856-051C9C8A9A85}.Default|Any CPU.ActiveCfg = Debug|Any CPU
		{EFD77602-B0CA-4F9D-9856-051C9C8A9A85}.Default|Any CPU.Build.0 = Debug|Any CPU
		{44ADA825-2207-4A6B-9410-8B857A847C13}.Debug|Any CPU.ActiveCfg = Debug|Any CPU
		{44ADA825-2207-4A6B-9410-8B857A847C13}.Debug|Any CPU.Build.0 = Debug|Any CPU
		{44ADA825-2207-4A6B-9410-8B857A847C13}.Release|Any CPU.ActiveCfg = Release|Any CPU
		{44ADA825-2207-4A6B-9410-8B857A847C13}.Release|Any CPU.Build.0 = Release|Any CPU
		{44ADA825-2207-4A6B-9410-8B857A847C13}.Default|Any CPU.ActiveCfg = Debug|Any CPU
		{44ADA825-2207-4A6B-9410-8B857A847C13}.Default|Any CPU.Build.0 = Debug|Any CPU
		{CF983F74-7B18-4EA3-8AA1-6F96FE19AA5D}.Debug|Any CPU.ActiveCfg = Debug|Any CPU
		{CF983F74-7B18-4EA3-8AA1-6F96FE19AA5D}.Debug|Any CPU.Build.0 = Debug|Any CPU
		{CF983F74-7B18-4EA3-8AA1-6F96FE19AA5D}.Release|Any CPU.ActiveCfg = Release|Any CPU
		{CF983F74-7B18-4EA3-8AA1-6F96FE19AA5D}.Release|Any CPU.Build.0 = Release|Any CPU
		{CF983F74-7B18-4EA3-8AA1-6F96FE19AA5D}.Default|Any CPU.ActiveCfg = Debug|Any CPU
		{CF983F74-7B18-4EA3-8AA1-6F96FE19AA5D}.Default|Any CPU.Build.0 = Debug|Any CPU
		{7C295D18-5EEE-47F6-9353-86BE7CBFC673}.Debug|Any CPU.ActiveCfg = Debug|Any CPU
		{7C295D18-5EEE-47F6-9353-86BE7CBFC673}.Debug|Any CPU.Build.0 = Debug|Any CPU
		{7C295D18-5EEE-47F6-9353-86BE7CBFC673}.Release|Any CPU.ActiveCfg = Release|Any CPU
		{7C295D18-5EEE-47F6-9353-86BE7CBFC673}.Release|Any CPU.Build.0 = Release|Any CPU
		{7C295D18-5EEE-47F6-9353-86BE7CBFC673}.Default|Any CPU.ActiveCfg = Debug|Any CPU
		{7C295D18-5EEE-47F6-9353-86BE7CBFC673}.Default|Any CPU.Build.0 = Debug|Any CPU
		{883EA339-278B-4DDD-8CED-58BD9FA812D1}.Debug|Any CPU.ActiveCfg = Debug|Any CPU
		{883EA339-278B-4DDD-8CED-58BD9FA812D1}.Debug|Any CPU.Build.0 = Debug|Any CPU
		{883EA339-278B-4DDD-8CED-58BD9FA812D1}.Release|Any CPU.ActiveCfg = Release|Any CPU
		{883EA339-278B-4DDD-8CED-58BD9FA812D1}.Release|Any CPU.Build.0 = Release|Any CPU
		{883EA339-278B-4DDD-8CED-58BD9FA812D1}.Default|Any CPU.ActiveCfg = Debug|Any CPU
		{883EA339-278B-4DDD-8CED-58BD9FA812D1}.Default|Any CPU.Build.0 = Debug|Any CPU
		{7F8DA55F-B033-42A7-A719-C825C354CD83}.Debug|Any CPU.ActiveCfg = Debug|Any CPU
		{7F8DA55F-B033-42A7-A719-C825C354CD83}.Debug|Any CPU.Build.0 = Debug|Any CPU
		{7F8DA55F-B033-42A7-A719-C825C354CD83}.Release|Any CPU.ActiveCfg = Release|Any CPU
		{7F8DA55F-B033-42A7-A719-C825C354CD83}.Release|Any CPU.Build.0 = Release|Any CPU
		{7F8DA55F-B033-42A7-A719-C825C354CD83}.Default|Any CPU.ActiveCfg = Debug|Any CPU
		{7F8DA55F-B033-42A7-A719-C825C354CD83}.Default|Any CPU.Build.0 = Debug|Any CPU
		{732E642A-6428-4A48-BCE8-A65E3BA8181C}.Debug|Any CPU.ActiveCfg = Default|Any CPU
		{732E642A-6428-4A48-BCE8-A65E3BA8181C}.Debug|Any CPU.Build.0 = Default|Any CPU
		{732E642A-6428-4A48-BCE8-A65E3BA8181C}.Release|Any CPU.ActiveCfg = Default|Any CPU
		{732E642A-6428-4A48-BCE8-A65E3BA8181C}.Release|Any CPU.Build.0 = Default|Any CPU
		{732E642A-6428-4A48-BCE8-A65E3BA8181C}.Default|Any CPU.ActiveCfg = Default|Any CPU
		{732E642A-6428-4A48-BCE8-A65E3BA8181C}.Default|Any CPU.Build.0 = Default|Any CPU
		{9BFAEF28-2599-4BD6-8B03-C32300F49EA2}.Debug|Any CPU.ActiveCfg = Debug|Any CPU
		{9BFAEF28-2599-4BD6-8B03-C32300F49EA2}.Debug|Any CPU.Build.0 = Debug|Any CPU
		{9BFAEF28-2599-4BD6-8B03-C32300F49EA2}.Release|Any CPU.ActiveCfg = Release|Any CPU
		{9BFAEF28-2599-4BD6-8B03-C32300F49EA2}.Release|Any CPU.Build.0 = Release|Any CPU
		{9BFAEF28-2599-4BD6-8B03-C32300F49EA2}.Default|Any CPU.ActiveCfg = Default|Any CPU
		{9B134623-9C4D-4020-9910-69FF2F4170D6}.Debug|Any CPU.ActiveCfg = Debug|Any CPU
		{9B134623-9C4D-4020-9910-69FF2F4170D6}.Debug|Any CPU.Build.0 = Debug|Any CPU
		{9B134623-9C4D-4020-9910-69FF2F4170D6}.Release|Any CPU.ActiveCfg = Release|Any CPU
		{9B134623-9C4D-4020-9910-69FF2F4170D6}.Release|Any CPU.Build.0 = Release|Any CPU
		{9B134623-9C4D-4020-9910-69FF2F4170D6}.Default|Any CPU.ActiveCfg = Default|Any CPU
	EndGlobalSection
	GlobalSection(NestedProjects) = preSolution
	EndGlobalSection
	GlobalSection(MonoDevelopProperties) = preSolution
		version = 1
	EndGlobalSection
EndGlobal
